<?xml version="1.0" encoding="utf-8"?>
<Project ToolsVersion="4.0" xmlns="http://schemas.microsoft.com/developer/msbuild/2003">
  <ItemGroup>
    <Filter Include="Исходные файлы">
      <UniqueIdentifier>{4FC737F1-C7A5-4376-A066-2A32D752A2FF}</UniqueIdentifier>
      <Extensions>cpp;c;cc;cxx;def;odl;idl;hpj;bat;asm;asmx</Extensions>
    </Filter>
    <Filter Include="Файлы заголовков">
      <UniqueIdentifier>{93995380-89BD-4b04-88EB-625FBE52EBFB}</UniqueIdentifier>
      <Extensions>h;hh;hpp;hxx;hm;inl;inc;ipp;xsd</Extensions>
    </Filter>
    <Filter Include="Файлы ресурсов">
      <UniqueIdentifier>{67DA6AB6-F800-4c08-8B7A-83BB121AAD01}</UniqueIdentifier>
      <Extensions>rc;ico;cur;bmp;dlg;rc2;rct;bin;rgs;gif;jpg;jpeg;jpe;resx;tiff;tif;png;wav;mfcribbon-ms</Extensions>
    </Filter>
    <Filter Include="Исходные файлы\gamers">
      <UniqueIdentifier>{c5c9cb14-b6c8-4fa6-bdc0-de4a3b1400a2}</UniqueIdentifier>
    </Filter>
    <Filter Include="Исходные файлы\gamefield">
      <UniqueIdentifier>{dc66d1c1-c9df-4364-8794-c19ed2a7de41}</UniqueIdentifier>
    </Filter>
    <Filter Include="Исходные файлы\inphandler">
      <UniqueIdentifier>{10b94f42-feae-49a9-83ef-41c6e7605c66}</UniqueIdentifier>
    </Filter>
    <Filter Include="Исходные файлы\ships">
      <UniqueIdentifier>{2bbf44a1-a38e-49a0-b5b7-bd90ac0abb05}</UniqueIdentifier>
    </Filter>
  </ItemGroup>
  <ItemGroup>
    <ClCompile Include="source.cpp">
      <Filter>Исходные файлы</Filter>
    </ClCompile>
    <ClCompile Include="Gamer.cpp">
      <Filter>Исходные файлы\gamers</Filter>
    </ClCompile>
    <ClCompile Include="OptimalBot.cpp">
      <Filter>Исходные файлы\gamers</Filter>
    </ClCompile>
    <ClCompile Include="PersonPlayer.cpp">
      <Filter>Исходные файлы\gamers</Filter>
    </ClCompile>
    <ClCompile Include="RandomBot.cpp">
      <Filter>Исходные файлы\gamers</Filter>
    </ClCompile>
    <ClCompile Include="GameField.cpp">
      <Filter>Исходные файлы\gamefield</Filter>
    </ClCompile>
    <ClCompile Include="Ship.cpp">
      <Filter>Исходные файлы\ships</Filter>
    </ClCompile>
    <ClCompile Include="Game.cpp">
      <Filter>Исходные файлы</Filter>
    </ClCompile>
    <ClCompile Include="ShipsFactory.cpp">
      <Filter>Исходные файлы\ships</Filter>
    </ClCompile>
    <ClCompile Include="MemoryPull.cpp">
      <Filter>Исходные файлы</Filter>
    </ClCompile>
    <ClCompile Include="FieldCell.cpp">
      <Filter>Исходные файлы</Filter>
    </ClCompile>
  </ItemGroup>
  <ItemGroup>
    <ClInclude Include="Gamer.h">
      <Filter>Файлы заголовков</Filter>
    </ClInclude>
    <ClInclude Include="PersonPlayer.h">
      <Filter>Файлы заголовков</Filter>
    </ClInclude>
    <ClInclude Include="RandomBot.h">
      <Filter>Файлы заголовков</Filter>
    </ClInclude>
    <ClInclude Include="OptimalBot.h">
      <Filter>Файлы заголовков</Filter>
    </ClInclude>
    <ClInclude Include="GameField.h">
      <Filter>Файлы заголовков</Filter>
    </ClInclude>
    <ClInclude Include="Ship.h">
      <Filter>Файлы заголовков</Filter>
    </ClInclude>
    <ClInclude Include="Game.h">
      <Filter>Файлы заголовков</Filter>
    </ClInclude>
    <ClInclude Include="GameRules.h">
      <Filter>Файлы заголовков</Filter>
    </ClInclude>
    <ClInclude Include="ShipsFactory.h">
      <Filter>Файлы заголовков</Filter>
    </ClInclude>
    <ClInclude Include="MemoryPull.h">
      <Filter>Файлы заголовков</Filter>
    </ClInclude>
    <ClInclude Include="FieldCell.h">
      <Filter>Файлы заголовков</Filter>
    </ClInclude>
  </ItemGroup>
</Project>